{
  "name": "portofolje",
  "lockfileVersion": 3,
  "requires": true,
  "packages": {
    "": {
      "dependencies": {
        "lightbox2": "^2.11.5",
        "swiper": "^11.1.11"
      }
    },
    "node_modules/lightbox2": {
      "version": "2.11.5",
      "resolved": "https://registry.npmjs.org/lightbox2/-/lightbox2-2.11.5.tgz",
      "integrity": "sha512-IsDqv/D9pjgh7GvwTNvmHF98+nrIcOD17fraXgtx8ivq469y95l5ycLi6SeZAZHdeyD3cGLjYwbDX8SRfWx5fA=="
    },
    "node_modules/swiper": {
      "version": "11.1.11",
      "resolved": "https://registry.npmjs.org/swiper/-/swiper-11.1.11.tgz",
      "integrity": "sha512-077Aw3OrlZpkkBRf/6+44bGh/HZY/vsLEyate2db2KkJgYUIR5TvDgvvhcJtW/puXzw79w5KBc30DauEX6GZYQ==",
      "funding": [
        {
          "type": "patreon",
          "url": "https://www.patreon.com/swiperjs"
        },
        {
          "type": "open_collective",
          "url": "http://opencollective.com/swiper"
        }
      ],
      "engines": {
        "node": ">= 4.7.0"
      }
    }
  }
}
